
Microsoft Visual Studio Solution File, Format Version 12.00
# Visual Studio Version 16
VisualStudioVersion = 16.0.29503.13
MinimumVisualStudioVersion = 10.0.40219.1
Project("{2150E333-8FDC-42A3-9474-1A3956D46DE8}") = "Library", "Library", "{18967EDA-B221-45F5-93E7-3F017EF3C29F}"
EndProject
Project("{FAE04EC0-301F-11D3-BF4B-00C04F79EFBC}") = "MeetApiFactoryFN", "Library\MeetApiFactory\MeetApiFactoryFN.csproj", "{E63086B5-CDC4-45A6-B01D-09C981ED3A1B}"
EndProject
Project("{FAE04EC0-301F-11D3-BF4B-00C04F79EFBC}") = "MeetApiInterfaceFN", "Library\MeetApiInterface\MeetApiInterfaceFN.csproj", "{15350C83-4A2C-403A-86EF-7B11C861E2B3}"
EndProject
Project("{FAE04EC0-301F-11D3-BF4B-00C04F79EFBC}") = "PCCOMAPISpoolerFN", "Library\MeetApiSpooler\PCCOMAPISpoolerFN.csproj", "{B2C07B6C-2F4D-4D07-BF5A-A88F13B4D54D}"
EndProject
Project("{2150E333-8FDC-42A3-9474-1A3956D46DE8}") = "Application", "Application", "{65C31604-7AC7-4490-87EF-57A0612E3ACB}"
EndProject
Project("{FAE04EC0-301F-11D3-BF4B-00C04F79EFBC}") = "MeetApiScheduler", "Application\MeetApiScheduler\MeetApiScheduler.csproj", "{14937689-2F85-4E5E-8944-DDEFB345DD1A}"
EndProject
Project("{9A19103F-16F7-4668-BE54-9A1E7A4F7556}") = "MeetApiSchedulerWorker", "MeetApiSchedulerWorker\MeetApiSchedulerWorker.csproj", "{1E471929-1775-42F2-AA6A-E5C9FEEBF186}"
EndProject
Project("{9A19103F-16F7-4668-BE54-9A1E7A4F7556}") = "MeetApiInterface", "library\MeetApiInterface\MeetApiInterface\MeetApiInterface.csproj", "{E17133C0-D41A-489A-B7AA-66701527C13E}"
EndProject
Project("{9A19103F-16F7-4668-BE54-9A1E7A4F7556}") = "MeetApiEntities", "library\MeetApiEntities\MeetApiEntities.csproj", "{4A8979D2-DF8F-4FA9-9B95-A6BD79AF066C}"
EndProject
Project("{9A19103F-16F7-4668-BE54-9A1E7A4F7556}") = "MeetApiSpooler", "MeetApiSpooler\MeetApiSpooler.csproj", "{9EDB7275-496D-42DE-87A2-BAF45D32AEB6}"
EndProject
Project("{2150E333-8FDC-42A3-9474-1A3956D46DE8}") = "Plugin", "Plugin", "{63A6900C-8FF8-435B-92F7-636F9A5E9862}"
EndProject
Project("{FAE04EC0-301F-11D3-BF4B-00C04F79EFBC}") = "MeetApiApiFootballProtocol", "Plugin\ApiFootballProtocol\MeetApiApiFootballProtocol\MeetApiApiFootballProtocol.csproj", "{96B8A768-25EA-42E0-B2BB-90E391C84493}"
EndProject
Project("{2150E333-8FDC-42A3-9474-1A3956D46DE8}") = "Test", "Test", "{7BCA15EC-8D12-4FEB-BCD3-F0635567260D}"
EndProject
Project("{FAE04EC0-301F-11D3-BF4B-00C04F79EFBC}") = "MeetApiUnitTest", "Test\MeetApiUnitTest\MeetApiUnitTest.csproj", "{3E5E62F4-3023-4AE1-A1B5-66A21D4302EF}"
EndProject
Global
	GlobalSection(SolutionConfigurationPlatforms) = preSolution
		Debug|Any CPU = Debug|Any CPU
		Release|Any CPU = Release|Any CPU
	EndGlobalSection
	GlobalSection(ProjectConfigurationPlatforms) = postSolution
		{E63086B5-CDC4-45A6-B01D-09C981ED3A1B}.Debug|Any CPU.ActiveCfg = Debug|Any CPU
		{E63086B5-CDC4-45A6-B01D-09C981ED3A1B}.Debug|Any CPU.Build.0 = Debug|Any CPU
		{E63086B5-CDC4-45A6-B01D-09C981ED3A1B}.Release|Any CPU.ActiveCfg = Release|Any CPU
		{E63086B5-CDC4-45A6-B01D-09C981ED3A1B}.Release|Any CPU.Build.0 = Release|Any CPU
		{15350C83-4A2C-403A-86EF-7B11C861E2B3}.Debug|Any CPU.ActiveCfg = Debug|Any CPU
		{15350C83-4A2C-403A-86EF-7B11C861E2B3}.Debug|Any CPU.Build.0 = Debug|Any CPU
		{15350C83-4A2C-403A-86EF-7B11C861E2B3}.Release|Any CPU.ActiveCfg = Release|Any CPU
		{15350C83-4A2C-403A-86EF-7B11C861E2B3}.Release|Any CPU.Build.0 = Release|Any CPU
		{B2C07B6C-2F4D-4D07-BF5A-A88F13B4D54D}.Debug|Any CPU.ActiveCfg = Debug|Any CPU
		{B2C07B6C-2F4D-4D07-BF5A-A88F13B4D54D}.Debug|Any CPU.Build.0 = Debug|Any CPU
		{B2C07B6C-2F4D-4D07-BF5A-A88F13B4D54D}.Release|Any CPU.ActiveCfg = Release|Any CPU
		{B2C07B6C-2F4D-4D07-BF5A-A88F13B4D54D}.Release|Any CPU.Build.0 = Release|Any CPU
		{14937689-2F85-4E5E-8944-DDEFB345DD1A}.Debug|Any CPU.ActiveCfg = Debug|Any CPU
		{14937689-2F85-4E5E-8944-DDEFB345DD1A}.Debug|Any CPU.Build.0 = Debug|Any CPU
		{14937689-2F85-4E5E-8944-DDEFB345DD1A}.Release|Any CPU.ActiveCfg = Release|Any CPU
		{14937689-2F85-4E5E-8944-DDEFB345DD1A}.Release|Any CPU.Build.0 = Release|Any CPU
		{1E471929-1775-42F2-AA6A-E5C9FEEBF186}.Debug|Any CPU.ActiveCfg = Debug|Any CPU
		{1E471929-1775-42F2-AA6A-E5C9FEEBF186}.Debug|Any CPU.Build.0 = Debug|Any CPU
		{1E471929-1775-42F2-AA6A-E5C9FEEBF186}.Release|Any CPU.ActiveCfg = Release|Any CPU
		{1E471929-1775-42F2-AA6A-E5C9FEEBF186}.Release|Any CPU.Build.0 = Release|Any CPU
		{E17133C0-D41A-489A-B7AA-66701527C13E}.Debug|Any CPU.ActiveCfg = Debug|Any CPU
		{E17133C0-D41A-489A-B7AA-66701527C13E}.Debug|Any CPU.Build.0 = Debug|Any CPU
		{E17133C0-D41A-489A-B7AA-66701527C13E}.Release|Any CPU.ActiveCfg = Release|Any CPU
		{E17133C0-D41A-489A-B7AA-66701527C13E}.Release|Any CPU.Build.0 = Release|Any CPU
		{4A8979D2-DF8F-4FA9-9B95-A6BD79AF066C}.Debug|Any CPU.ActiveCfg = Debug|Any CPU
		{4A8979D2-DF8F-4FA9-9B95-A6BD79AF066C}.Debug|Any CPU.Build.0 = Debug|Any CPU
		{4A8979D2-DF8F-4FA9-9B95-A6BD79AF066C}.Release|Any CPU.ActiveCfg = Release|Any CPU
		{4A8979D2-DF8F-4FA9-9B95-A6BD79AF066C}.Release|Any CPU.Build.0 = Release|Any CPU
		{9EDB7275-496D-42DE-87A2-BAF45D32AEB6}.Debug|Any CPU.ActiveCfg = Debug|Any CPU
		{9EDB7275-496D-42DE-87A2-BAF45D32AEB6}.Debug|Any CPU.Build.0 = Debug|Any CPU
		{9EDB7275-496D-42DE-87A2-BAF45D32AEB6}.Release|Any CPU.ActiveCfg = Release|Any CPU
		{9EDB7275-496D-42DE-87A2-BAF45D32AEB6}.Release|Any CPU.Build.0 = Release|Any CPU
		{96B8A768-25EA-42E0-B2BB-90E391C84493}.Debug|Any CPU.ActiveCfg = Debug|Any CPU
		{96B8A768-25EA-42E0-B2BB-90E391C84493}.Debug|Any CPU.Build.0 = Debug|Any CPU
		{96B8A768-25EA-42E0-B2BB-90E391C84493}.Release|Any CPU.ActiveCfg = Release|Any CPU
		{96B8A768-25EA-42E0-B2BB-90E391C84493}.Release|Any CPU.Build.0 = Release|Any CPU
		{3E5E62F4-3023-4AE1-A1B5-66A21D4302EF}.Debug|Any CPU.ActiveCfg = Debug|Any CPU
		{3E5E62F4-3023-4AE1-A1B5-66A21D4302EF}.Debug|Any CPU.Build.0 = Debug|Any CPU
		{3E5E62F4-3023-4AE1-A1B5-66A21D4302EF}.Release|Any CPU.ActiveCfg = Release|Any CPU
		{3E5E62F4-3023-4AE1-A1B5-66A21D4302EF}.Release|Any CPU.Build.0 = Release|Any CPU
	EndGlobalSection
	GlobalSection(SolutionProperties) = preSolution
		HideSolutionNode = FALSE
	EndGlobalSection
	GlobalSection(NestedProjects) = preSolution
		{E63086B5-CDC4-45A6-B01D-09C981ED3A1B} = {18967EDA-B221-45F5-93E7-3F017EF3C29F}
		{15350C83-4A2C-403A-86EF-7B11C861E2B3} = {18967EDA-B221-45F5-93E7-3F017EF3C29F}
		{B2C07B6C-2F4D-4D07-BF5A-A88F13B4D54D} = {18967EDA-B221-45F5-93E7-3F017EF3C29F}
		{14937689-2F85-4E5E-8944-DDEFB345DD1A} = {65C31604-7AC7-4490-87EF-57A0612E3ACB}
		{1E471929-1775-42F2-AA6A-E5C9FEEBF186} = {65C31604-7AC7-4490-87EF-57A0612E3ACB}
		{E17133C0-D41A-489A-B7AA-66701527C13E} = {18967EDA-B221-45F5-93E7-3F017EF3C29F}
		{4A8979D2-DF8F-4FA9-9B95-A6BD79AF066C} = {18967EDA-B221-45F5-93E7-3F017EF3C29F}
		{9EDB7275-496D-42DE-87A2-BAF45D32AEB6} = {18967EDA-B221-45F5-93E7-3F017EF3C29F}
		{96B8A768-25EA-42E0-B2BB-90E391C84493} = {63A6900C-8FF8-435B-92F7-636F9A5E9862}
		{3E5E62F4-3023-4AE1-A1B5-66A21D4302EF} = {7BCA15EC-8D12-4FEB-BCD3-F0635567260D}
	EndGlobalSection
	GlobalSection(ExtensibilityGlobals) = postSolution
		SolutionGuid = {E5BB86CF-F100-41EC-9ECD-E4119A179F76}
	EndGlobalSection
EndGlobal
